
Microsoft Visual Studio Solution File, Format Version 12.00
# Visual Studio Version 17
VisualStudioVersion = 17.4.33122.133
MinimumVisualStudioVersion = 10.0.40219.1
Project("{FAE04EC0-301F-11D3-BF4B-00C04F79EFBC}") = "I1", "I1\I1.csproj", "{81B80954-416B-4878-9F4B-F80A406A2CC4}"
EndProject
Project("{FAE04EC0-301F-11D3-BF4B-00C04F79EFBC}") = "I67-Client", "I6\I67-Client.csproj", "{95DAFBEC-CADB-4EEE-B2BD-36ECE183C139}"
	ProjectSection(ProjectDependencies) = postProject
		{81B80954-416B-4878-9F4B-F80A406A2CC4} = {81B80954-416B-4878-9F4B-F80A406A2CC4}
	EndProjectSection
EndProject
Global
	GlobalSection(SolutionConfigurationPlatforms) = preSolution
		Debug|Any CPU = Debug|Any CPU
		Release|Any CPU = Release|Any CPU
	EndGlobalSection
	GlobalSection(ProjectConfigurationPlatforms) = postSolution
		{81B80954-416B-4878-9F4B-F80A406A2CC4}.Debug|Any CPU.ActiveCfg = Debug|Any CPU
		{81B80954-416B-4878-9F4B-F80A406A2CC4}.Debug|Any CPU.Build.0 = Debug|Any CPU
		{81B80954-416B-4878-9F4B-F80A406A2CC4}.Release|Any CPU.ActiveCfg = Release|Any CPU
		{81B80954-416B-4878-9F4B-F80A406A2CC4}.Release|Any CPU.Build.0 = Release|Any CPU
		{95DAFBEC-CADB-4EEE-B2BD-36ECE183C139}.Debug|Any CPU.ActiveCfg = Debug|Any CPU
		{95DAFBEC-CADB-4EEE-B2BD-36ECE183C139}.Debug|Any CPU.Build.0 = Debug|Any CPU
		{95DAFBEC-CADB-4EEE-B2BD-36ECE183C139}.Release|Any CPU.ActiveCfg = Release|Any CPU
		{95DAFBEC-CADB-4EEE-B2BD-36ECE183C139}.Release|Any CPU.Build.0 = Release|Any CPU
	EndGlobalSection
	GlobalSection(SolutionProperties) = preSolution
		HideSolutionNode = FALSE
	EndGlobalSection
	GlobalSection(ExtensibilityGlobals) = postSolution
		SolutionGuid = {3FEBE776-9B1C-4328-BAE5-CC6DCCEC8003}
	EndGlobalSection
EndGlobal
